PODS:
  - Flutter (1.0.0)
  - motion (0.0.1):
    - Flutter

DEPENDENCIES:
  - Flutter (from `Flutter`)
  - motion (from `.symlinks/plugins/motion/ios`)

EXTERNAL SOURCES:
  Flutter:
    :path: Flutter
  motion:
    :path: ".symlinks/plugins/motion/ios"

SPEC CHECKSUMS:
  Flutter: f04841e97a9d0b0a8025694d0796dd46242b2854
  motion: 7f0d608a472de69d1210c1d871600cde66ae4d54

PODFILE CHECKSUM: 7368163408c647b7eb699d0d788ba6718e18fb8d

COCOAPODS: 1.11.3
